
Microsoft Visual Studio Solution File, Format Version 12.00
# Visual Studio Version 17
VisualStudioVersion = 17.0.31903.59
MinimumVisualStudioVersion = 10.0.40219.1
Project("{54A90642-561A-4BB1-A94E-469ADEE60C69}") = "combust", "combust\combust.esproj", "{7D94917E-A766-4B11-8C31-411C18453E78}"
EndProject
Project("{FAE04EC0-301F-11D3-BF4B-00C04F79EFBC}") = "OpeniddictServer", "OpeniddictServer\OpeniddictServer.csproj", "{804108F5-EFD6-44AE-9093-010840AAF13B}"
EndProject
Project("{FAE04EC0-301F-11D3-BF4B-00C04F79EFBC}") = "ResourceServer", "ResourceServer\ResourceServer.csproj", "{B58FBF97-7973-41CC-8BB6-6FC34651A4B4}"
EndProject
Global
	GlobalSection(SolutionConfigurationPlatforms) = preSolution
		Debug|Any CPU = Debug|Any CPU
		Release|Any CPU = Release|Any CPU
	EndGlobalSection
	GlobalSection(ProjectConfigurationPlatforms) = postSolution
		{7D94917E-A766-4B11-8C31-411C18453E78}.Debug|Any CPU.ActiveCfg = Debug|Any CPU
		{7D94917E-A766-4B11-8C31-411C18453E78}.Debug|Any CPU.Build.0 = Debug|Any CPU
		{7D94917E-A766-4B11-8C31-411C18453E78}.Debug|Any CPU.Deploy.0 = Debug|Any CPU
		{7D94917E-A766-4B11-8C31-411C18453E78}.Release|Any CPU.ActiveCfg = Release|Any CPU
		{7D94917E-A766-4B11-8C31-411C18453E78}.Release|Any CPU.Build.0 = Release|Any CPU
		{7D94917E-A766-4B11-8C31-411C18453E78}.Release|Any CPU.Deploy.0 = Release|Any CPU
		{804108F5-EFD6-44AE-9093-010840AAF13B}.Debug|Any CPU.ActiveCfg = Debug|Any CPU
		{804108F5-EFD6-44AE-9093-010840AAF13B}.Debug|Any CPU.Build.0 = Debug|Any CPU
		{804108F5-EFD6-44AE-9093-010840AAF13B}.Release|Any CPU.ActiveCfg = Release|Any CPU
		{804108F5-EFD6-44AE-9093-010840AAF13B}.Release|Any CPU.Build.0 = Release|Any CPU
		{B58FBF97-7973-41CC-8BB6-6FC34651A4B4}.Debug|Any CPU.ActiveCfg = Debug|Any CPU
		{B58FBF97-7973-41CC-8BB6-6FC34651A4B4}.Debug|Any CPU.Build.0 = Debug|Any CPU
		{B58FBF97-7973-41CC-8BB6-6FC34651A4B4}.Release|Any CPU.ActiveCfg = Release|Any CPU
		{B58FBF97-7973-41CC-8BB6-6FC34651A4B4}.Release|Any CPU.Build.0 = Release|Any CPU
	EndGlobalSection
	GlobalSection(SolutionProperties) = preSolution
		HideSolutionNode = FALSE
	EndGlobalSection
EndGlobal
